// !$*UTF8*$!
{
	archiveVersion = 1;
	classes = {
	};
	objectVersion = 52;
	objects = {

/* Begin PBXBuildFile section */
		112CA168263194A3002BC63B /* Kommunicate in Frameworks */ = {isa = PBXBuildFile; productRef = 112CA167263194A3002BC63B /* Kommunicate */; };
		11D4ABC5261AD07E0059650E /* AppDelegate.swift in Sources */ = {isa = PBXBuildFile; fileRef = 11D4ABC4261AD07E0059650E /* AppDelegate.swift */; };
		11D4ABC7261AD07E0059650E /* SceneDelegate.swift in Sources */ = {isa = PBXBuildFile; fileRef = 11D4ABC6261AD07E0059650E /* SceneDelegate.swift */; };
		11D4ABC9261AD07E0059650E /* ViewController.swift in Sources */ = {isa = PBXBuildFile; fileRef = 11D4ABC8261AD07E0059650E /* ViewController.swift */; };
		11D4ABCC261AD07E0059650E /* Main.storyboard in Resources */ = {isa = PBXBuildFile; fileRef = 11D4ABCA261AD07E0059650E /* Main.storyboard */; };
		11D4ABCE261AD0800059650E /* Assets.xcassets in Resources */ = {isa = PBXBuildFile; fileRef = 11D4ABCD261AD0800059650E /* Assets.xcassets */; };
		11D4ABD1261AD0800059650E /* LaunchScreen.storyboard in Resources */ = {isa = PBXBuildFile; fileRef = 11D4ABCF261AD0800059650E /* LaunchScreen.storyboard */; };
		11D7703126245EA5006F4522 /* LoginVC.swift in Sources */ = {isa = PBXBuildFile; fileRef = 11D7703026245EA5006F4522 /* LoginVC.swift */; };
		11EE86A9263C042700A3E792 /* Localizable.strings in Resources */ = {isa = PBXBuildFile; fileRef = 11EE869E263C01A000A3E792 /* Localizable.strings */; };
		A1770E8928E6D8A400A13CB5 /* Kommunicate in Frameworks */ = {isa = PBXBuildFile; productRef = A1770E8828E6D8A400A13CB5 /* Kommunicate */; };
		A1B63AB228F54B7F00743E88 /* Kommunicate_SPM_SampleTests.swift in Sources */ = {isa = PBXBuildFile; fileRef = A1B63AB128F54B7F00743E88 /* Kommunicate_SPM_SampleTests.swift */; };
/* End PBXBuildFile section */

/* Begin PBXContainerItemProxy section */
		A1B63AB328F54B7F00743E88 /* PBXContainerItemProxy */ = {
			isa = PBXContainerItemProxy;
			containerPortal = 11D4ABB9261AD07E0059650E /* Project object */;
			proxyType = 1;
			remoteGlobalIDString = 11D4ABC0261AD07E0059650E;
			remoteInfo = "Kommunicate-SPM-Sample";
		};
/* End PBXContainerItemProxy section */

/* Begin PBXFileReference section */
		11D4ABC1261AD07E0059650E /* Kommunicate-SPM-Sample.app */ = {isa = PBXFileReference; explicitFileType = wrapper.application; includeInIndex = 0; path = "Kommunicate-SPM-Sample.app"; sourceTree = BUILT_PRODUCTS_DIR; };
		11D4ABC4261AD07E0059650E /* AppDelegate.swift */ = {isa = PBXFileReference; lastKnownFileType = sourcecode.swift; path = AppDelegate.swift; sourceTree = "<group>"; };
		11D4ABC6261AD07E0059650E /* SceneDelegate.swift */ = {isa = PBXFileReference; lastKnownFileType = sourcecode.swift; path = SceneDelegate.swift; sourceTree = "<group>"; };
		11D4ABC8261AD07E0059650E /* ViewController.swift */ = {isa = PBXFileReference; lastKnownFileType = sourcecode.swift; path = ViewController.swift; sourceTree = "<group>"; };
		11D4ABCB261AD07E0059650E /* Base */ = {isa = PBXFileReference; lastKnownFileType = file.storyboard; name = Base; path = Base.lproj/Main.storyboard; sourceTree = "<group>"; };
		11D4ABCD261AD0800059650E /* Assets.xcassets */ = {isa = PBXFileReference; lastKnownFileType = folder.assetcatalog; path = Assets.xcassets; sourceTree = "<group>"; };
		11D4ABD0261AD0800059650E /* Base */ = {isa = PBXFileReference; lastKnownFileType = file.storyboard; name = Base; path = Base.lproj/LaunchScreen.storyboard; sourceTree = "<group>"; };
		11D4ABD2261AD0800059650E /* Info.plist */ = {isa = PBXFileReference; lastKnownFileType = text.plist.xml; path = Info.plist; sourceTree = "<group>"; };
		11D7703026245EA5006F4522 /* LoginVC.swift */ = {isa = PBXFileReference; lastKnownFileType = sourcecode.swift; path = LoginVC.swift; sourceTree = "<group>"; };
		11EE869E263C01A000A3E792 /* Localizable.strings */ = {isa = PBXFileReference; lastKnownFileType = text.plist.strings; path = Localizable.strings; sourceTree = "<group>"; };
		A1B63AAF28F54B7F00743E88 /* Kommunicate-SPM-SampleTests.xctest */ = {isa = PBXFileReference; explicitFileType = wrapper.cfbundle; includeInIndex = 0; path = "Kommunicate-SPM-SampleTests.xctest"; sourceTree = BUILT_PRODUCTS_DIR; };
		A1B63AB128F54B7F00743E88 /* Kommunicate_SPM_SampleTests.swift */ = {isa = PBXFileReference; lastKnownFileType = sourcecode.swift; path = Kommunicate_SPM_SampleTests.swift; sourceTree = "<group>"; };
/* End PBXFileReference section */

/* Begin PBXFrameworksBuildPhase section */
		11D4ABBE261AD07E0059650E /* Frameworks */ = {
			isa = PBXFrameworksBuildPhase;
			buildActionMask = 2147483647;
			files = (
				A1770E8928E6D8A400A13CB5 /* Kommunicate in Frameworks */,
				112CA168263194A3002BC63B /* Kommunicate in Frameworks */,
			);
			runOnlyForDeploymentPostprocessing = 0;
		};
		A1B63AAC28F54B7F00743E88 /* Frameworks */ = {
			isa = PBXFrameworksBuildPhase;
			buildActionMask = 2147483647;
			files = (
			);
			runOnlyForDeploymentPostprocessing = 0;
		};
/* End PBXFrameworksBuildPhase section */

/* Begin PBXGroup section */
		11D4ABB8261AD07E0059650E = {
			isa = PBXGroup;
			children = (
				11D4ABC3261AD07E0059650E /* Kommunicate-SPM-Sample */,
				A1B63AB028F54B7F00743E88 /* Kommunicate-SPM-SampleTests */,
				11D4ABC2261AD07E0059650E /* Products */,
				11D7701326244B70006F4522 /* Frameworks */,
			);
			sourceTree = "<group>";
		};
		11D4ABC2261AD07E0059650E /* Products */ = {
			isa = PBXGroup;
			children = (
				11D4ABC1261AD07E0059650E /* Kommunicate-SPM-Sample.app */,
				A1B63AAF28F54B7F00743E88 /* Kommunicate-SPM-SampleTests.xctest */,
			);
			name = Products;
			sourceTree = "<group>";
		};
		11D4ABC3261AD07E0059650E /* Kommunicate-SPM-Sample */ = {
			isa = PBXGroup;
			children = (
				11D4ABC4261AD07E0059650E /* AppDelegate.swift */,
				11D4ABC6261AD07E0059650E /* SceneDelegate.swift */,
				11D4ABC8261AD07E0059650E /* ViewController.swift */,
				11D4ABCA261AD07E0059650E /* Main.storyboard */,
				11D4ABCD261AD0800059650E /* Assets.xcassets */,
				11D4ABCF261AD0800059650E /* LaunchScreen.storyboard */,
				11D4ABD2261AD0800059650E /* Info.plist */,
				11D7703026245EA5006F4522 /* LoginVC.swift */,
				11EE869E263C01A000A3E792 /* Localizable.strings */,
			);
			path = "Kommunicate-SPM-Sample";
			sourceTree = "<group>";
		};
		11D7701326244B70006F4522 /* Frameworks */ = {
			isa = PBXGroup;
			children = (
			);
			name = Frameworks;
			sourceTree = "<group>";
		};
		A1B63AB028F54B7F00743E88 /* Kommunicate-SPM-SampleTests */ = {
			isa = PBXGroup;
			children = (
				A1B63AB128F54B7F00743E88 /* Kommunicate_SPM_SampleTests.swift */,
			);
			path = "Kommunicate-SPM-SampleTests";
			sourceTree = "<group>";
		};
/* End PBXGroup section */

/* Begin PBXNativeTarget section */
		11D4ABC0261AD07E0059650E /* Kommunicate-SPM-Sample */ = {
			isa = PBXNativeTarget;
			buildConfigurationList = 11D4ABEB261AD0800059650E /* Build configuration list for PBXNativeTarget "Kommunicate-SPM-Sample" */;
			buildPhases = (
				11D4ABBD261AD07E0059650E /* Sources */,
				11D4ABBE261AD07E0059650E /* Frameworks */,
				11D4ABBF261AD07E0059650E /* Resources */,
			);
			buildRules = (
			);
			dependencies = (
			);
			name = "Kommunicate-SPM-Sample";
			packageProductDependencies = (
				112CA167263194A3002BC63B /* Kommunicate */,
				A1770E8828E6D8A400A13CB5 /* Kommunicate */,
			);
			productName = trialSPM;
			productReference = 11D4ABC1261AD07E0059650E /* Kommunicate-SPM-Sample.app */;
			productType = "com.apple.product-type.application";
		};
		A1B63AAE28F54B7F00743E88 /* Kommunicate-SPM-SampleTests */ = {
			isa = PBXNativeTarget;
			buildConfigurationList = A1B63AB728F54B7F00743E88 /* Build configuration list for PBXNativeTarget "Kommunicate-SPM-SampleTests" */;
			buildPhases = (
				A1B63AAB28F54B7F00743E88 /* Sources */,
				A1B63AAC28F54B7F00743E88 /* Frameworks */,
				A1B63AAD28F54B7F00743E88 /* Resources */,
			);
			buildRules = (
			);
			dependencies = (
				A1B63AB428F54B7F00743E88 /* PBXTargetDependency */,
			);
			name = "Kommunicate-SPM-SampleTests";
			productName = "Kommunicate-SPM-SampleTests";
			productReference = A1B63AAF28F54B7F00743E88 /* Kommunicate-SPM-SampleTests.xctest */;
			productType = "com.apple.product-type.bundle.unit-test";
		};
/* End PBXNativeTarget section */

/* Begin PBXProject section */
		11D4ABB9261AD07E0059650E /* Project object */ = {
			isa = PBXProject;
			attributes = {
				LastSwiftUpdateCheck = 1400;
				LastUpgradeCheck = 1240;
				TargetAttributes = {
					11D4ABC0261AD07E0059650E = {
						CreatedOnToolsVersion = 12.4;
					};
					A1B63AAE28F54B7F00743E88 = {
						CreatedOnToolsVersion = 14.0.1;
						TestTargetID = 11D4ABC0261AD07E0059650E;
					};
				};
			};
			buildConfigurationList = 11D4ABBC261AD07E0059650E /* Build configuration list for PBXProject "Kommunicate-SPM-Sample" */;
			compatibilityVersion = "Xcode 9.3";
			developmentRegion = en;
			hasScannedForEncodings = 0;
			knownRegions = (
				en,
				Base,
			);
			mainGroup = 11D4ABB8261AD07E0059650E;
			packageReferences = (
				A1770E8728E6D8A400A13CB5 /* XCRemoteSwiftPackageReference "Kommunicate-iOS-SDK" */,
			);
			productRefGroup = 11D4ABC2261AD07E0059650E /* Products */;
			projectDirPath = "";
			projectRoot = "";
			targets = (
				11D4ABC0261AD07E0059650E /* Kommunicate-SPM-Sample */,
				A1B63AAE28F54B7F00743E88 /* Kommunicate-SPM-SampleTests */,
			);
		};
/* End PBXProject section */

/* Begin PBXResourcesBuildPhase section */
		11D4ABBF261AD07E0059650E /* Resources */ = {
			isa = PBXResourcesBuildPhase;
			buildActionMask = 2147483647;
			files = (
				11D4ABD1261AD0800059650E /* LaunchScreen.storyboard in Resources */,
				11EE86A9263C042700A3E792 /* Localizable.strings in Resources */,
				11D4ABCE261AD0800059650E /* Assets.xcassets in Resources */,
				11D4ABCC261AD07E0059650E /* Main.storyboard in Resources */,
			);
			runOnlyForDeploymentPostprocessing = 0;
		};
		A1B63AAD28F54B7F00743E88 /* Resources */ = {
			isa = PBXResourcesBuildPhase;
			buildActionMask = 2147483647;
			files = (
			);
			runOnlyForDeploymentPostprocessing = 0;
		};
/* End PBXResourcesBuildPhase section */

/* Begin PBXSourcesBuildPhase section */
		11D4ABBD261AD07E0059650E /* Sources */ = {
			isa = PBXSourcesBuildPhase;
			buildActionMask = 2147483647;
			files = (
				11D4ABC9261AD07E0059650E /* ViewController.swift in Sources */,
				11D4ABC5261AD07E0059650E /* AppDelegate.swift in Sources */,
				11D7703126245EA5006F4522 /* LoginVC.swift in Sources */,
				11D4ABC7261AD07E0059650E /* SceneDelegate.swift in Sources */,
			);
			runOnlyForDeploymentPostprocessing = 0;
		};
		A1B63AAB28F54B7F00743E88 /* Sources */ = {
			isa = PBXSourcesBuildPhase;
			buildActionMask = 2147483647;
			files = (
				A1B63AB228F54B7F00743E88 /* Kommunicate_SPM_SampleTests.swift in Sources */,
			);
			runOnlyForDeploymentPostprocessing = 0;
		};
/* End PBXSourcesBuildPhase section */

/* Begin PBXTargetDependency section */
		A1B63AB428F54B7F00743E88 /* PBXTargetDependency */ = {
			isa = PBXTargetDependency;
			target = 11D4ABC0261AD07E0059650E /* Kommunicate-SPM-Sample */;
			targetProxy = A1B63AB328F54B7F00743E88 /* PBXContainerItemProxy */;
		};
/* End PBXTargetDependency section */

/* Begin PBXVariantGroup section */
		11D4ABCA261AD07E0059650E /* Main.storyboard */ = {
			isa = PBXVariantGroup;
			children = (
				11D4ABCB261AD07E0059650E /* Base */,
			);
			name = Main.storyboard;
			sourceTree = "<group>";
		};
		11D4ABCF261AD0800059650E /* LaunchScreen.storyboard */ = {
			isa = PBXVariantGroup;
			children = (
				11D4ABD0261AD0800059650E /* Base */,
			);
			name = LaunchScreen.storyboard;
			sourceTree = "<group>";
		};
/* End PBXVariantGroup section */

/* Begin XCBuildConfiguration section */
		11D4ABE9261AD0800059650E /* Debug */ = {
			isa = XCBuildConfiguration;
			buildSettings = {
				ALWAYS_SEARCH_USER_PATHS = NO;
				CLANG_ANALYZER_NONNULL = YES;
				CLANG_ANALYZER_NUMBER_OBJECT_CONVERSION = YES_AGGRESSIVE;
				CLANG_CXX_LANGUAGE_STANDARD = "gnu++14";
				CLANG_CXX_LIBRARY = "libc++";
				CLANG_ENABLE_MODULES = YES;
				CLANG_ENABLE_OBJC_ARC = YES;
				CLANG_ENABLE_OBJC_WEAK = YES;
				CLANG_WARN_BLOCK_CAPTURE_AUTORELEASING = YES;
				CLANG_WARN_BOOL_CONVERSION = YES;
				CLANG_WARN_COMMA = YES;
				CLANG_WARN_CONSTANT_CONVERSION = YES;
				CLANG_WARN_DEPRECATED_OBJC_IMPLEMENTATIONS = YES;
				CLANG_WARN_DIRECT_OBJC_ISA_USAGE = YES_ERROR;
				CLANG_WARN_DOCUMENTATION_COMMENTS = YES;
				CLANG_WARN_EMPTY_BODY = YES;
				CLANG_WARN_ENUM_CONVERSION = YES;
				CLANG_WARN_INFINITE_RECURSION = YES;
				CLANG_WARN_INT_CONVERSION = YES;
				CLANG_WARN_NON_LITERAL_NULL_CONVERSION = YES;
				CLANG_WARN_OBJC_IMPLICIT_RETAIN_SELF = YES;
				CLANG_WARN_OBJC_LITERAL_CONVERSION = YES;
				CLANG_WARN_OBJC_ROOT_CLASS = YES_ERROR;
				CLANG_WARN_QUOTED_INCLUDE_IN_FRAMEWORK_HEADER = YES;
				CLANG_WARN_RANGE_LOOP_ANALYSIS = YES;
				CLANG_WARN_STRICT_PROTOTYPES = YES;
				CLANG_WARN_SUSPICIOUS_MOVE = YES;
				CLANG_WARN_UNGUARDED_AVAILABILITY = YES_AGGRESSIVE;
				CLANG_WARN_UNREACHABLE_CODE = YES;
				CLANG_WARN__DUPLICATE_METHOD_MATCH = YES;
				COPY_PHASE_STRIP = NO;
				DEBUG_INFORMATION_FORMAT = dwarf;
				ENABLE_STRICT_OBJC_MSGSEND = YES;
				ENABLE_TESTABILITY = YES;
				GCC_C_LANGUAGE_STANDARD = gnu11;
				GCC_DYNAMIC_NO_PIC = NO;
				GCC_NO_COMMON_BLOCKS = YES;
				GCC_OPTIMIZATION_LEVEL = 0;
				GCC_PREPROCESSOR_DEFINITIONS = (
					"DEBUG=1",
					"$(inherited)",
				);
				GCC_WARN_64_TO_32_BIT_CONVERSION = YES;
				GCC_WARN_ABOUT_RETURN_TYPE = YES_ERROR;
				GCC_WARN_UNDECLARED_SELECTOR = YES;
				GCC_WARN_UNINITIALIZED_AUTOS = YES_AGGRESSIVE;
				GCC_WARN_UNUSED_FUNCTION = YES;
				GCC_WARN_UNUSED_VARIABLE = YES;
				IPHONEOS_DEPLOYMENT_TARGET = 14.4;
				MTL_ENABLE_DEBUG_INFO = INCLUDE_SOURCE;
				MTL_FAST_MATH = YES;
				ONLY_ACTIVE_ARCH = YES;
				SDKROOT = iphoneos;
				SWIFT_ACTIVE_COMPILATION_CONDITIONS = DEBUG;
				SWIFT_OPTIMIZATION_LEVEL = "-Onone";
			};
			name = Debug;
		};
		11D4ABEA261AD0800059650E /* Release */ = {
			isa = XCBuildConfiguration;
			buildSettings = {
				ALWAYS_SEARCH_USER_PATHS = NO;
				CLANG_ANALYZER_NONNULL = YES;
				CLANG_ANALYZER_NUMBER_OBJECT_CONVERSION = YES_AGGRESSIVE;
				CLANG_CXX_LANGUAGE_STANDARD = "gnu++14";
				CLANG_CXX_LIBRARY = "libc++";
				CLANG_ENABLE_MODULES = YES;
				CLANG_ENABLE_OBJC_ARC = YES;
				CLANG_ENABLE_OBJC_WEAK = YES;
				CLANG_WARN_BLOCK_CAPTURE_AUTORELEASING = YES;
				CLANG_WARN_BOOL_CONVERSION = YES;
				CLANG_WARN_COMMA = YES;
				CLANG_WARN_CONSTANT_CONVERSION = YES;
				CLANG_WARN_DEPRECATED_OBJC_IMPLEMENTATIONS = YES;
				CLANG_WARN_DIRECT_OBJC_ISA_USAGE = YES_ERROR;
				CLANG_WARN_DOCUMENTATION_COMMENTS = YES;
				CLANG_WARN_EMPTY_BODY = YES;
				CLANG_WARN_ENUM_CONVERSION = YES;
				CLANG_WARN_INFINITE_RECURSION = YES;
				CLANG_WARN_INT_CONVERSION = YES;
				CLANG_WARN_NON_LITERAL_NULL_CONVERSION = YES;
				CLANG_WARN_OBJC_IMPLICIT_RETAIN_SELF = YES;
				CLANG_WARN_OBJC_LITERAL_CONVERSION = YES;
				CLANG_WARN_OBJC_ROOT_CLASS = YES_ERROR;
				CLANG_WARN_QUOTED_INCLUDE_IN_FRAMEWORK_HEADER = YES;
				CLANG_WARN_RANGE_LOOP_ANALYSIS = YES;
				CLANG_WARN_STRICT_PROTOTYPES = YES;
				CLANG_WARN_SUSPICIOUS_MOVE = YES;
				CLANG_WARN_UNGUARDED_AVAILABILITY = YES_AGGRESSIVE;
				CLANG_WARN_UNREACHABLE_CODE = YES;
				CLANG_WARN__DUPLICATE_METHOD_MATCH = YES;
				COPY_PHASE_STRIP = NO;
				DEBUG_INFORMATION_FORMAT = "dwarf-with-dsym";
				ENABLE_NS_ASSERTIONS = NO;
				ENABLE_STRICT_OBJC_MSGSEND = YES;
				GCC_C_LANGUAGE_STANDARD = gnu11;
				GCC_NO_COMMON_BLOCKS = YES;
				GCC_WARN_64_TO_32_BIT_CONVERSION = YES;
				GCC_WARN_ABOUT_RETURN_TYPE = YES_ERROR;
				GCC_WARN_UNDECLARED_SELECTOR = YES;
				GCC_WARN_UNINITIALIZED_AUTOS = YES_AGGRESSIVE;
				GCC_WARN_UNUSED_FUNCTION = YES;
				GCC_WARN_UNUSED_VARIABLE = YES;
				IPHONEOS_DEPLOYMENT_TARGET = 14.4;
				MTL_ENABLE_DEBUG_INFO = NO;
				MTL_FAST_MATH = YES;
				SDKROOT = iphoneos;
				SWIFT_COMPILATION_MODE = wholemodule;
				SWIFT_OPTIMIZATION_LEVEL = "-O";
				VALIDATE_PRODUCT = YES;
			};
			name = Release;
		};
		11D4ABEC261AD0800059650E /* Debug */ = {
			isa = XCBuildConfiguration;
			buildSettings = {
				ASSETCATALOG_COMPILER_APPICON_NAME = AppIcon;
				ASSETCATALOG_COMPILER_GLOBAL_ACCENT_COLOR_NAME = AccentColor;
				"CODE_SIGN_IDENTITY[sdk=iphoneos*]" = "iPhone Developer";
				CODE_SIGN_STYLE = Manual;
				DEVELOPMENT_TEAM = "";
				"DEVELOPMENT_TEAM[sdk=iphoneos*]" = 932BY3Q6F7;
				INFOPLIST_FILE = "Kommunicate-SPM-Sample/Info.plist";
				LD_RUNPATH_SEARCH_PATHS = (
					"$(inherited)",
					"@executable_path/Frameworks",
				);
				PRODUCT_BUNDLE_IDENTIFIER = com.kommunicate.spmsample;
				PRODUCT_NAME = "$(TARGET_NAME)";
				PROVISIONING_PROFILE_SPECIFIER = "";
				"PROVISIONING_PROFILE_SPECIFIER[sdk=iphoneos*]" = "SPM Sample App Development Profile";
				SWIFT_VERSION = 5.0;
				TARGETED_DEVICE_FAMILY = "1,2";
			};
			name = Debug;
		};
		11D4ABED261AD0800059650E /* Release */ = {
			isa = XCBuildConfiguration;
			buildSettings = {
				ASSETCATALOG_COMPILER_APPICON_NAME = AppIcon;
				ASSETCATALOG_COMPILER_GLOBAL_ACCENT_COLOR_NAME = AccentColor;
				"CODE_SIGN_IDENTITY[sdk=iphoneos*]" = "iPhone Developer";
				CODE_SIGN_STYLE = Manual;
				DEVELOPMENT_TEAM = "";
				"DEVELOPMENT_TEAM[sdk=iphoneos*]" = 932BY3Q6F7;
				INFOPLIST_FILE = "Kommunicate-SPM-Sample/Info.plist";
				LD_RUNPATH_SEARCH_PATHS = (
					"$(inherited)",
					"@executable_path/Frameworks",
				);
				PRODUCT_BUNDLE_IDENTIFIER = com.kommunicate.spmsample;
				PRODUCT_NAME = "$(TARGET_NAME)";
				PROVISIONING_PROFILE_SPECIFIER = "";
				"PROVISIONING_PROFILE_SPECIFIER[sdk=iphoneos*]" = "SPM Sample App Development Profile";
				SWIFT_VERSION = 5.0;
				TARGETED_DEVICE_FAMILY = "1,2";
			};
			name = Release;
		};
		A1B63AB528F54B7F00743E88 /* Debug */ = {
			isa = XCBuildConfiguration;
			buildSettings = {
				BUNDLE_LOADER = "$(TEST_HOST)";
				CLANG_CXX_LANGUAGE_STANDARD = "gnu++20";
				CODE_SIGN_STYLE = Automatic;
				CURRENT_PROJECT_VERSION = 1;
				DEVELOPMENT_TEAM = 932BY3Q6F7;
				GENERATE_INFOPLIST_FILE = YES;
				IPHONEOS_DEPLOYMENT_TARGET = 16.0;
				MARKETING_VERSION = 1.0;
				PRODUCT_BUNDLE_IDENTIFIER = "com.Kommunicate-SPM-SampleTests";
				PRODUCT_NAME = "$(TARGET_NAME)";
				SWIFT_EMIT_LOC_STRINGS = NO;
				SWIFT_VERSION = 5.0;
				TARGETED_DEVICE_FAMILY = "1,2";
				TEST_HOST = "$(BUILT_PRODUCTS_DIR)/Kommunicate-SPM-Sample.app/$(BUNDLE_EXECUTABLE_FOLDER_PATH)/Kommunicate-SPM-Sample";
			};
			name = Debug;
		};
		A1B63AB628F54B7F00743E88 /* Release */ = {
			isa = XCBuildConfiguration;
			buildSettings = {
				BUNDLE_LOADER = "$(TEST_HOST)";
				CLANG_CXX_LANGUAGE_STANDARD = "gnu++20";
				CODE_SIGN_STYLE = Automatic;
				CURRENT_PROJECT_VERSION = 1;
				DEVELOPMENT_TEAM = 932BY3Q6F7;
				GENERATE_INFOPLIST_FILE = YES;
				IPHONEOS_DEPLOYMENT_TARGET = 16.0;
				MARKETING_VERSION = 1.0;
				PRODUCT_BUNDLE_IDENTIFIER = "com.Kommunicate-SPM-SampleTests";
				PRODUCT_NAME = "$(TARGET_NAME)";
				SWIFT_EMIT_LOC_STRINGS = NO;
				SWIFT_VERSION = 5.0;
				TARGETED_DEVICE_FAMILY = "1,2";
				TEST_HOST = "$(BUILT_PRODUCTS_DIR)/Kommunicate-SPM-Sample.app/$(BUNDLE_EXECUTABLE_FOLDER_PATH)/Kommunicate-SPM-Sample";
			};
			name = Release;
		};
/* End XCBuildConfiguration section */

/* Begin XCConfigurationList section */
		11D4ABBC261AD07E0059650E /* Build configuration list for PBXProject "Kommunicate-SPM-Sample" */ = {
			isa = XCConfigurationList;
			buildConfigurations = (
				11D4ABE9261AD0800059650E /* Debug */,
				11D4ABEA261AD0800059650E /* Release */,
			);
			defaultConfigurationIsVisible = 0;
			defaultConfigurationName = Release;
		};
		11D4ABEB261AD0800059650E /* Build configuration list for PBXNativeTarget "Kommunicate-SPM-Sample" */ = {
			isa = XCConfigurationList;
			buildConfigurations = (
				11D4ABEC261AD0800059650E /* Debug */,
				11D4ABED261AD0800059650E /* Release */,
			);
			defaultConfigurationIsVisible = 0;
			defaultConfigurationName = Release;
		};
		A1B63AB728F54B7F00743E88 /* Build configuration list for PBXNativeTarget "Kommunicate-SPM-SampleTests" */ = {
			isa = XCConfigurationList;
			buildConfigurations = (
				A1B63AB528F54B7F00743E88 /* Debug */,
				A1B63AB628F54B7F00743E88 /* Release */,
			);
			defaultConfigurationIsVisible = 0;
			defaultConfigurationName = Release;
		};
/* End XCConfigurationList section */

/* Begin XCRemoteSwiftPackageReference section */
		A1770E8728E6D8A400A13CB5 /* XCRemoteSwiftPackageReference "Kommunicate-iOS-SDK" */ = {
			isa = XCRemoteSwiftPackageReference;
			repositoryURL = "https://github.com/Sathyan-Elangovan/Kommunicate-iOS-SDK.git";
			requirement = {
				kind = revision;
				revision = 966f1bfe63675d9389b5b53fb451569488f68fa0;
			};
		};
/* End XCRemoteSwiftPackageReference section */

/* Begin XCSwiftPackageProductDependency section */
		112CA167263194A3002BC63B /* Kommunicate */ = {
			isa = XCSwiftPackageProductDependency;
			productName = Kommunicate;
		};
		A1770E8828E6D8A400A13CB5 /* Kommunicate */ = {
			isa = XCSwiftPackageProductDependency;
			package = A1770E8728E6D8A400A13CB5 /* XCRemoteSwiftPackageReference "Kommunicate-iOS-SDK" */;
			productName = Kommunicate;
		};
/* End XCSwiftPackageProductDependency section */
	};
	rootObject = 11D4ABB9261AD07E0059650E /* Project object */;
}
